
Microsoft Visual Studio Solution File, Format Version 12.00
# Visual Studio Version 16
VisualStudioVersion = 16.0.29519.181
MinimumVisualStudioVersion = 10.0.40219.1
Project("{FAE04EC0-301F-11D3-BF4B-00C04F79EFBC}") = "WebBanHang-MVC", "WebBanHang-MVC\WebBanHang-MVC.csproj", "{A2B35F38-22CB-4348-8203-1BBBEBB99520}"
EndProject
Global
	GlobalSection(SolutionConfigurationPlatforms) = preSolution
		Debug|Any CPU = Debug|Any CPU
		Release|Any CPU = Release|Any CPU
	EndGlobalSection
	GlobalSection(ProjectConfigurationPlatforms) = postSolution
		{A2B35F38-22CB-4348-8203-1BBBEBB99520}.Debug|Any CPU.ActiveCfg = Debug|Any CPU
		{A2B35F38-22CB-4348-8203-1BBBEBB99520}.Debug|Any CPU.Build.0 = Debug|Any CPU
		{A2B35F38-22CB-4348-8203-1BBBEBB99520}.Release|Any CPU.ActiveCfg = Release|Any CPU
		{A2B35F38-22CB-4348-8203-1BBBEBB99520}.Release|Any CPU.Build.0 = Release|Any CPU
	EndGlobalSection
	GlobalSection(SolutionProperties) = preSolution
		HideSolutionNode = FALSE
	EndGlobalSection
	GlobalSection(ExtensibilityGlobals) = postSolution
		SolutionGuid = {B440B314-521D-4F7B-A27E-32DBC06F74D2}
	EndGlobalSection
EndGlobal
